// !$*UTF8*$!
{
	archiveVersion = 1;
	classes = {
	};
	objectVersion = 50;
	objects = {

/* Begin PBXBuildFile section */
		31200BAB249A4A54007632C4 /* AppDelegate.swift in Sources */ = {isa = PBXBuildFile; fileRef = 31200BAA249A4A54007632C4 /* AppDelegate.swift */; };
		31200BAD249A4A54007632C4 /* SceneDelegate.swift in Sources */ = {isa = PBXBuildFile; fileRef = 31200BAC249A4A54007632C4 /* SceneDelegate.swift */; };
		31200BAF249A4A54007632C4 /* ViewController.swift in Sources */ = {isa = PBXBuildFile; fileRef = 31200BAE249A4A54007632C4 /* ViewController.swift */; };
		31200BB2249A4A54007632C4 /* Main.storyboard in Resources */ = {isa = PBXBuildFile; fileRef = 31200BB0249A4A54007632C4 /* Main.storyboard */; };
		31200BB4249A4A55007632C4 /* Assets.xcassets in Resources */ = {isa = PBXBuildFile; fileRef = 31200BB3249A4A55007632C4 /* Assets.xcassets */; };
		31200BB7249A4A55007632C4 /* LaunchScreen.storyboard in Resources */ = {isa = PBXBuildFile; fileRef = 31200BB5249A4A55007632C4 /* LaunchScreen.storyboard */; };
		31200BC2249A4A55007632C4 /* webview_htmlTests.swift in Sources */ = {isa = PBXBuildFile; fileRef = 31200BC1249A4A55007632C4 /* webview_htmlTests.swift */; };
		31200BCD249A4A55007632C4 /* webview_htmlUITests.swift in Sources */ = {isa = PBXBuildFile; fileRef = 31200BCC249A4A55007632C4 /* webview_htmlUITests.swift */; };
/* End PBXBuildFile section */

/* Begin PBXContainerItemProxy section */
		31200BBE249A4A55007632C4 /* PBXContainerItemProxy */ = {
			isa = PBXContainerItemProxy;
			containerPortal = 31200B9F249A4A54007632C4 /* Project object */;
			proxyType = 1;
			remoteGlobalIDString = 31200BA6249A4A54007632C4;
			remoteInfo = webview_html;
		};
		31200BC9249A4A55007632C4 /* PBXContainerItemProxy */ = {
			isa = PBXContainerItemProxy;
			containerPortal = 31200B9F249A4A54007632C4 /* Project object */;
			proxyType = 1;
			remoteGlobalIDString = 31200BA6249A4A54007632C4;
			remoteInfo = webview_html;
		};
/* End PBXContainerItemProxy section */

/* Begin PBXFileReference section */
		31200BA7249A4A54007632C4 /* webview_html.app */ = {isa = PBXFileReference; explicitFileType = wrapper.application; includeInIndex = 0; path = webview_html.app; sourceTree = BUILT_PRODUCTS_DIR; };
		31200BAA249A4A54007632C4 /* AppDelegate.swift */ = {isa = PBXFileReference; lastKnownFileType = sourcecode.swift; path = AppDelegate.swift; sourceTree = "<group>"; };
		31200BAC249A4A54007632C4 /* SceneDelegate.swift */ = {isa = PBXFileReference; lastKnownFileType = sourcecode.swift; path = SceneDelegate.swift; sourceTree = "<group>"; };
		31200BAE249A4A54007632C4 /* ViewController.swift */ = {isa = PBXFileReference; lastKnownFileType = sourcecode.swift; path = ViewController.swift; sourceTree = "<group>"; };
		31200BB1249A4A54007632C4 /* Base */ = {isa = PBXFileReference; lastKnownFileType = file.storyboard; name = Base; path = Base.lproj/Main.storyboard; sourceTree = "<group>"; };
		31200BB3249A4A55007632C4 /* Assets.xcassets */ = {isa = PBXFileReference; lastKnownFileType = folder.assetcatalog; path = Assets.xcassets; sourceTree = "<group>"; };
		31200BB6249A4A55007632C4 /* Base */ = {isa = PBXFileReference; lastKnownFileType = file.storyboard; name = Base; path = Base.lproj/LaunchScreen.storyboard; sourceTree = "<group>"; };
		31200BB8249A4A55007632C4 /* Info.plist */ = {isa = PBXFileReference; lastKnownFileType = text.plist.xml; path = Info.plist; sourceTree = "<group>"; };
		31200BBD249A4A55007632C4 /* webview_htmlTests.xctest */ = {isa = PBXFileReference; explicitFileType = wrapper.cfbundle; includeInIndex = 0; path = webview_htmlTests.xctest; sourceTree = BUILT_PRODUCTS_DIR; };
		31200BC1249A4A55007632C4 /* webview_htmlTests.swift */ = {isa = PBXFileReference; lastKnownFileType = sourcecode.swift; path = webview_htmlTests.swift; sourceTree = "<group>"; };
		31200BC3249A4A55007632C4 /* Info.plist */ = {isa = PBXFileReference; lastKnownFileType = text.plist.xml; path = Info.plist; sourceTree = "<group>"; };
		31200BC8249A4A55007632C4 /* webview_htmlUITests.xctest */ = {isa = PBXFileReference; explicitFileType = wrapper.cfbundle; includeInIndex = 0; path = webview_htmlUITests.xctest; sourceTree = BUILT_PRODUCTS_DIR; };
		31200BCC249A4A55007632C4 /* webview_htmlUITests.swift */ = {isa = PBXFileReference; lastKnownFileType = sourcecode.swift; path = webview_htmlUITests.swift; sourceTree = "<group>"; };
		31200BCE249A4A55007632C4 /* Info.plist */ = {isa = PBXFileReference; lastKnownFileType = text.plist.xml; path = Info.plist; sourceTree = "<group>"; };
/* End PBXFileReference section */

/* Begin PBXFrameworksBuildPhase section */
		31200BA4249A4A54007632C4 /* Frameworks */ = {
			isa = PBXFrameworksBuildPhase;
			buildActionMask = 2147483647;
			files = (
			);
			runOnlyForDeploymentPostprocessing = 0;
		};
		31200BBA249A4A55007632C4 /* Frameworks */ = {
			isa = PBXFrameworksBuildPhase;
			buildActionMask = 2147483647;
			files = (
			);
			runOnlyForDeploymentPostprocessing = 0;
		};
		31200BC5249A4A55007632C4 /* Frameworks */ = {
			isa = PBXFrameworksBuildPhase;
			buildActionMask = 2147483647;
			files = (
			);
			runOnlyForDeploymentPostprocessing = 0;
		};
/* End PBXFrameworksBuildPhase section */

/* Begin PBXGroup section */
		31200B9E249A4A54007632C4 = {
			isa = PBXGroup;
			children = (
				31200BA9249A4A54007632C4 /* webview_html */,
				31200BC0249A4A55007632C4 /* webview_htmlTests */,
				31200BCB249A4A55007632C4 /* webview_htmlUITests */,
				31200BA8249A4A54007632C4 /* Products */,
			);
			sourceTree = "<group>";
		};
		31200BA8249A4A54007632C4 /* Products */ = {
			isa = PBXGroup;
			children = (
				31200BA7249A4A54007632C4 /* webview_html.app */,
				31200BBD249A4A55007632C4 /* webview_htmlTests.xctest */,
				31200BC8249A4A55007632C4 /* webview_htmlUITests.xctest */,
			);
			name = Products;
			sourceTree = "<group>";
		};
		31200BA9249A4A54007632C4 /* webview_html */ = {
			isa = PBXGroup;
			children = (
				31200BAA249A4A54007632C4 /* AppDelegate.swift */,
				31200BAC249A4A54007632C4 /* SceneDelegate.swift */,
				31200BAE249A4A54007632C4 /* ViewController.swift */,
				31200BB0249A4A54007632C4 /* Main.storyboard */,
				31200BB3249A4A55007632C4 /* Assets.xcassets */,
				31200BB5249A4A55007632C4 /* LaunchScreen.storyboard */,
				31200BB8249A4A55007632C4 /* Info.plist */,
			);
			path = webview_html;
			sourceTree = "<group>";
		};
		31200BC0249A4A55007632C4 /* webview_htmlTests */ = {
			isa = PBXGroup;
			children = (
				31200BC1249A4A55007632C4 /* webview_htmlTests.swift */,
				31200BC3249A4A55007632C4 /* Info.plist */,
			);
			path = webview_htmlTests;
			sourceTree = "<group>";
		};
		31200BCB249A4A55007632C4 /* webview_htmlUITests */ = {
			isa = PBXGroup;
			children = (
				31200BCC249A4A55007632C4 /* webview_htmlUITests.swift */,
				31200BCE249A4A55007632C4 /* Info.plist */,
			);
			path = webview_htmlUITests;
			sourceTree = "<group>";
		};
/* End PBXGroup section */

/* Begin PBXNativeTarget section */
		31200BA6249A4A54007632C4 /* webview_html */ = {
			isa = PBXNativeTarget;
			buildConfigurationList = 31200BD1249A4A55007632C4 /* Build configuration list for PBXNativeTarget "webview_html" */;
			buildPhases = (
				31200BA3249A4A54007632C4 /* Sources */,
				31200BA4249A4A54007632C4 /* Frameworks */,
				31200BA5249A4A54007632C4 /* Resources */,
			);
			buildRules = (
			);
			dependencies = (
			);
			name = webview_html;
			productName = webview_html;
			productReference = 31200BA7249A4A54007632C4 /* webview_html.app */;
			productType = "com.apple.product-type.application";
		};
		31200BBC249A4A55007632C4 /* webview_htmlTests */ = {
			isa = PBXNativeTarget;
			buildConfigurationList = 31200BD4249A4A55007632C4 /* Build configuration list for PBXNativeTarget "webview_htmlTests" */;
			buildPhases = (
				31200BB9249A4A55007632C4 /* Sources */,
				31200BBA249A4A55007632C4 /* Frameworks */,
				31200BBB249A4A55007632C4 /* Resources */,
			);
			buildRules = (
			);
			dependencies = (
				31200BBF249A4A55007632C4 /* PBXTargetDependency */,
			);
			name = webview_htmlTests;
			productName = webview_htmlTests;
			productReference = 31200BBD249A4A55007632C4 /* webview_htmlTests.xctest */;
			productType = "com.apple.product-type.bundle.unit-test";
		};
		31200BC7249A4A55007632C4 /* webview_htmlUITests */ = {
			isa = PBXNativeTarget;
			buildConfigurationList = 31200BD7249A4A55007632C4 /* Build configuration list for PBXNativeTarget "webview_htmlUITests" */;
			buildPhases = (
				31200BC4249A4A55007632C4 /* Sources */,
				31200BC5249A4A55007632C4 /* Frameworks */,
				31200BC6249A4A55007632C4 /* Resources */,
			);
			buildRules = (
			);
			dependencies = (
				31200BCA249A4A55007632C4 /* PBXTargetDependency */,
			);
			name = webview_htmlUITests;
			productName = webview_htmlUITests;
			productReference = 31200BC8249A4A55007632C4 /* webview_htmlUITests.xctest */;
			productType = "com.apple.product-type.bundle.ui-testing";
		};
/* End PBXNativeTarget section */

/* Begin PBXProject section */
		31200B9F249A4A54007632C4 /* Project object */ = {
			isa = PBXProject;
			attributes = {
				LastSwiftUpdateCheck = 1140;
				LastUpgradeCheck = 1140;
				ORGANIZATIONNAME = monet;
				TargetAttributes = {
					31200BA6249A4A54007632C4 = {
						CreatedOnToolsVersion = 11.4;
					};
					31200BBC249A4A55007632C4 = {
						CreatedOnToolsVersion = 11.4;
						TestTargetID = 31200BA6249A4A54007632C4;
					};
					31200BC7249A4A55007632C4 = {
						CreatedOnToolsVersion = 11.4;
						TestTargetID = 31200BA6249A4A54007632C4;
					};
				};
			};
			buildConfigurationList = 31200BA2249A4A54007632C4 /* Build configuration list for PBXProject "webview_html" */;
			compatibilityVersion = "Xcode 9.3";
			developmentRegion = en;
			hasScannedForEncodings = 0;
			knownRegions = (
				en,
				Base,
			);
			mainGroup = 31200B9E249A4A54007632C4;
			productRefGroup = 31200BA8249A4A54007632C4 /* Products */;
			projectDirPath = "";
			projectRoot = "";
			targets = (
				31200BA6249A4A54007632C4 /* webview_html */,
				31200BBC249A4A55007632C4 /* webview_htmlTests */,
				31200BC7249A4A55007632C4 /* webview_htmlUITests */,
			);
		};
/* End PBXProject section */

/* Begin PBXResourcesBuildPhase section */
		31200BA5249A4A54007632C4 /* Resources */ = {
			isa = PBXResourcesBuildPhase;
			buildActionMask = 2147483647;
			files = (
				31200BB7249A4A55007632C4 /* LaunchScreen.storyboard in Resources */,
				31200BB4249A4A55007632C4 /* Assets.xcassets in Resources */,
				31200BB2249A4A54007632C4 /* Main.storyboard in Resources */,
			);
			runOnlyForDeploymentPostprocessing = 0;
		};
		31200BBB249A4A55007632C4 /* Resources */ = {
			isa = PBXResourcesBuildPhase;
			buildActionMask = 2147483647;
			files = (
			);
			runOnlyForDeploymentPostprocessing = 0;
		};
		31200BC6249A4A55007632C4 /* Resources */ = {
			isa = PBXResourcesBuildPhase;
			buildActionMask = 2147483647;
			files = (
			);
			runOnlyForDeploymentPostprocessing = 0;
		};
/* End PBXResourcesBuildPhase section */

/* Begin PBXSourcesBuildPhase section */
		31200BA3249A4A54007632C4 /* Sources */ = {
			isa = PBXSourcesBuildPhase;
			buildActionMask = 2147483647;
			files = (
				31200BAF249A4A54007632C4 /* ViewController.swift in Sources */,
				31200BAB249A4A54007632C4 /* AppDelegate.swift in Sources */,
				31200BAD249A4A54007632C4 /* SceneDelegate.swift in Sources */,
			);
			runOnlyForDeploymentPostprocessing = 0;
		};
		31200BB9249A4A55007632C4 /* Sources */ = {
			isa = PBXSourcesBuildPhase;
			buildActionMask = 2147483647;
			files = (
				31200BC2249A4A55007632C4 /* webview_htmlTests.swift in Sources */,
			);
			runOnlyForDeploymentPostprocessing = 0;
		};
		31200BC4249A4A55007632C4 /* Sources */ = {
			isa = PBXSourcesBuildPhase;
			buildActionMask = 2147483647;
			files = (
				31200BCD249A4A55007632C4 /* webview_htmlUITests.swift in Sources */,
			);
			runOnlyForDeploymentPostprocessing = 0;
		};
/* End PBXSourcesBuildPhase section */

/* Begin PBXTargetDependency section */
		31200BBF249A4A55007632C4 /* PBXTargetDependency */ = {
			isa = PBXTargetDependency;
			target = 31200BA6249A4A54007632C4 /* webview_html */;
			targetProxy = 31200BBE249A4A55007632C4 /* PBXContainerItemProxy */;
		};
		31200BCA249A4A55007632C4 /* PBXTargetDependency */ = {
			isa = PBXTargetDependency;
			target = 31200BA6249A4A54007632C4 /* webview_html */;
			targetProxy = 31200BC9249A4A55007632C4 /* PBXContainerItemProxy */;
		};
/* End PBXTargetDependency section */

/* Begin PBXVariantGroup section */
		31200BB0249A4A54007632C4 /* Main.storyboard */ = {
			isa = PBXVariantGroup;
			children = (
				31200BB1249A4A54007632C4 /* Base */,
			);
			name = Main.storyboard;
			sourceTree = "<group>";
		};
		31200BB5249A4A55007632C4 /* LaunchScreen.storyboard */ = {
			isa = PBXVariantGroup;
			children = (
				31200BB6249A4A55007632C4 /* Base */,
			);
			name = LaunchScreen.storyboard;
			sourceTree = "<group>";
		};
/* End PBXVariantGroup section */

/* Begin XCBuildConfiguration section */
		31200BCF249A4A55007632C4 /* Debug */ = {
			isa = XCBuildConfiguration;
			buildSettings = {
				ALWAYS_SEARCH_USER_PATHS = NO;
				CLANG_ANALYZER_NONNULL = YES;
				CLANG_ANALYZER_NUMBER_OBJECT_CONVERSION = YES_AGGRESSIVE;
				CLANG_CXX_LANGUAGE_STANDARD = "gnu++14";
				CLANG_CXX_LIBRARY = "libc++";
				CLANG_ENABLE_MODULES = YES;
				CLANG_ENABLE_OBJC_ARC = YES;
				CLANG_ENABLE_OBJC_WEAK = YES;
				CLANG_WARN_BLOCK_CAPTURE_AUTORELEASING = YES;
				CLANG_WARN_BOOL_CONVERSION = YES;
				CLANG_WARN_COMMA = YES;
				CLANG_WARN_CONSTANT_CONVERSION = YES;
				CLANG_WARN_DEPRECATED_OBJC_IMPLEMENTATIONS = YES;
				CLANG_WARN_DIRECT_OBJC_ISA_USAGE = YES_ERROR;
				CLANG_WARN_DOCUMENTATION_COMMENTS = YES;
				CLANG_WARN_EMPTY_BODY = YES;
				CLANG_WARN_ENUM_CONVERSION = YES;
				CLANG_WARN_INFINITE_RECURSION = YES;
				CLANG_WARN_INT_CONVERSION = YES;
				CLANG_WARN_NON_LITERAL_NULL_CONVERSION = YES;
				CLANG_WARN_OBJC_IMPLICIT_RETAIN_SELF = YES;
				CLANG_WARN_OBJC_LITERAL_CONVERSION = YES;
				CLANG_WARN_OBJC_ROOT_CLASS = YES_ERROR;
				CLANG_WARN_RANGE_LOOP_ANALYSIS = YES;
				CLANG_WARN_STRICT_PROTOTYPES = YES;
				CLANG_WARN_SUSPICIOUS_MOVE = YES;
				CLANG_WARN_UNGUARDED_AVAILABILITY = YES_AGGRESSIVE;
				CLANG_WARN_UNREACHABLE_CODE = YES;
				CLANG_WARN__DUPLICATE_METHOD_MATCH = YES;
				COPY_PHASE_STRIP = NO;
				DEBUG_INFORMATION_FORMAT = dwarf;
				ENABLE_STRICT_OBJC_MSGSEND = YES;
				ENABLE_TESTABILITY = YES;
				GCC_C_LANGUAGE_STANDARD = gnu11;
				GCC_DYNAMIC_NO_PIC = NO;
				GCC_NO_COMMON_BLOCKS = YES;
				GCC_OPTIMIZATION_LEVEL = 0;
				GCC_PREPROCESSOR_DEFINITIONS = (
					"DEBUG=1",
					"$(inherited)",
				);
				GCC_WARN_64_TO_32_BIT_CONVERSION = YES;
				GCC_WARN_ABOUT_RETURN_TYPE = YES_ERROR;
				GCC_WARN_UNDECLARED_SELECTOR = YES;
				GCC_WARN_UNINITIALIZED_AUTOS = YES_AGGRESSIVE;
				GCC_WARN_UNUSED_FUNCTION = YES;
				GCC_WARN_UNUSED_VARIABLE = YES;
				IPHONEOS_DEPLOYMENT_TARGET = 13.4;
				MTL_ENABLE_DEBUG_INFO = INCLUDE_SOURCE;
				MTL_FAST_MATH = YES;
				ONLY_ACTIVE_ARCH = YES;
				SDKROOT = iphoneos;
				SWIFT_ACTIVE_COMPILATION_CONDITIONS = DEBUG;
				SWIFT_OPTIMIZATION_LEVEL = "-Onone";
			};
			name = Debug;
		};
		31200BD0249A4A55007632C4 /* Release */ = {
			isa = XCBuildConfiguration;
			buildSettings = {
				ALWAYS_SEARCH_USER_PATHS = NO;
				CLANG_ANALYZER_NONNULL = YES;
				CLANG_ANALYZER_NUMBER_OBJECT_CONVERSION = YES_AGGRESSIVE;
				CLANG_CXX_LANGUAGE_STANDARD = "gnu++14";
				CLANG_CXX_LIBRARY = "libc++";
				CLANG_ENABLE_MODULES = YES;
				CLANG_ENABLE_OBJC_ARC = YES;
				CLANG_ENABLE_OBJC_WEAK = YES;
				CLANG_WARN_BLOCK_CAPTURE_AUTORELEASING = YES;
				CLANG_WARN_BOOL_CONVERSION = YES;
				CLANG_WARN_COMMA = YES;
				CLANG_WARN_CONSTANT_CONVERSION = YES;
				CLANG_WARN_DEPRECATED_OBJC_IMPLEMENTATIONS = YES;
				CLANG_WARN_DIRECT_OBJC_ISA_USAGE = YES_ERROR;
				CLANG_WARN_DOCUMENTATION_COMMENTS = YES;
				CLANG_WARN_EMPTY_BODY = YES;
				CLANG_WARN_ENUM_CONVERSION = YES;
				CLANG_WARN_INFINITE_RECURSION = YES;
				CLANG_WARN_INT_CONVERSION = YES;
				CLANG_WARN_NON_LITERAL_NULL_CONVERSION = YES;
				CLANG_WARN_OBJC_IMPLICIT_RETAIN_SELF = YES;
				CLANG_WARN_OBJC_LITERAL_CONVERSION = YES;
				CLANG_WARN_OBJC_ROOT_CLASS = YES_ERROR;
				CLANG_WARN_RANGE_LOOP_ANALYSIS = YES;
				CLANG_WARN_STRICT_PROTOTYPES = YES;
				CLANG_WARN_SUSPICIOUS_MOVE = YES;
				CLANG_WARN_UNGUARDED_AVAILABILITY = YES_AGGRESSIVE;
				CLANG_WARN_UNREACHABLE_CODE = YES;
				CLANG_WARN__DUPLICATE_METHOD_MATCH = YES;
				COPY_PHASE_STRIP = NO;
				DEBUG_INFORMATION_FORMAT = "dwarf-with-dsym";
				ENABLE_NS_ASSERTIONS = NO;
				ENABLE_STRICT_OBJC_MSGSEND = YES;
				GCC_C_LANGUAGE_STANDARD = gnu11;
				GCC_NO_COMMON_BLOCKS = YES;
				GCC_WARN_64_TO_32_BIT_CONVERSION = YES;
				GCC_WARN_ABOUT_RETURN_TYPE = YES_ERROR;
				GCC_WARN_UNDECLARED_SELECTOR = YES;
				GCC_WARN_UNINITIALIZED_AUTOS = YES_AGGRESSIVE;
				GCC_WARN_UNUSED_FUNCTION = YES;
				GCC_WARN_UNUSED_VARIABLE = YES;
				IPHONEOS_DEPLOYMENT_TARGET = 13.4;
				MTL_ENABLE_DEBUG_INFO = NO;
				MTL_FAST_MATH = YES;
				SDKROOT = iphoneos;
				SWIFT_COMPILATION_MODE = wholemodule;
				SWIFT_OPTIMIZATION_LEVEL = "-O";
				VALIDATE_PRODUCT = YES;
			};
			name = Release;
		};
		31200BD2249A4A55007632C4 /* Debug */ = {
			isa = XCBuildConfiguration;
			buildSettings = {
				ASSETCATALOG_COMPILER_APPICON_NAME = AppIcon;
				CODE_SIGN_STYLE = Automatic;
				DEVELOPMENT_TEAM = E2WTPE2PPY;
				INFOPLIST_FILE = webview_html/Info.plist;
				LD_RUNPATH_SEARCH_PATHS = (
					"$(inherited)",
					"@executable_path/Frameworks",
				);
				PRODUCT_BUNDLE_IDENTIFIER = "monet.webview-html";
				PRODUCT_NAME = "$(TARGET_NAME)";
				SWIFT_VERSION = 5.0;
				TARGETED_DEVICE_FAMILY = "1,2";
			};
			name = Debug;
		};
		31200BD3249A4A55007632C4 /* Release */ = {
			isa = XCBuildConfiguration;
			buildSettings = {
				ASSETCATALOG_COMPILER_APPICON_NAME = AppIcon;
				CODE_SIGN_STYLE = Automatic;
				DEVELOPMENT_TEAM = E2WTPE2PPY;
				INFOPLIST_FILE = webview_html/Info.plist;
				LD_RUNPATH_SEARCH_PATHS = (
					"$(inherited)",
					"@executable_path/Frameworks",
				);
				PRODUCT_BUNDLE_IDENTIFIER = "monet.webview-html";
				PRODUCT_NAME = "$(TARGET_NAME)";
				SWIFT_VERSION = 5.0;
				TARGETED_DEVICE_FAMILY = "1,2";
			};
			name = Release;
		};
		31200BD5249A4A55007632C4 /* Debug */ = {
			isa = XCBuildConfiguration;
			buildSettings = {
				ALWAYS_EMBED_SWIFT_STANDARD_LIBRARIES = YES;
				BUNDLE_LOADER = "$(TEST_HOST)";
				CODE_SIGN_STYLE = Automatic;
				DEVELOPMENT_TEAM = E2WTPE2PPY;
				INFOPLIST_FILE = webview_htmlTests/Info.plist;
				IPHONEOS_DEPLOYMENT_TARGET = 13.4;
				LD_RUNPATH_SEARCH_PATHS = (
					"$(inherited)",
					"@executable_path/Frameworks",
					"@loader_path/Frameworks",
				);
				PRODUCT_BUNDLE_IDENTIFIER = "monet.webview-htmlTests";
				PRODUCT_NAME = "$(TARGET_NAME)";
				SWIFT_VERSION = 5.0;
				TARGETED_DEVICE_FAMILY = "1,2";
				TEST_HOST = "$(BUILT_PRODUCTS_DIR)/webview_html.app/webview_html";
			};
			name = Debug;
		};
		31200BD6249A4A55007632C4 /* Release */ = {
			isa = XCBuildConfiguration;
			buildSettings = {
				ALWAYS_EMBED_SWIFT_STANDARD_LIBRARIES = YES;
				BUNDLE_LOADER = "$(TEST_HOST)";
				CODE_SIGN_STYLE = Automatic;
				DEVELOPMENT_TEAM = E2WTPE2PPY;
				INFOPLIST_FILE = webview_htmlTests/Info.plist;
				IPHONEOS_DEPLOYMENT_TARGET = 13.4;
				LD_RUNPATH_SEARCH_PATHS = (
					"$(inherited)",
					"@executable_path/Frameworks",
					"@loader_path/Frameworks",
				);
				PRODUCT_BUNDLE_IDENTIFIER = "monet.webview-htmlTests";
				PRODUCT_NAME = "$(TARGET_NAME)";
				SWIFT_VERSION = 5.0;
				TARGETED_DEVICE_FAMILY = "1,2";
				TEST_HOST = "$(BUILT_PRODUCTS_DIR)/webview_html.app/webview_html";
			};
			name = Release;
		};
		31200BD8249A4A55007632C4 /* Debug */ = {
			isa = XCBuildConfiguration;
			buildSettings = {
				ALWAYS_EMBED_SWIFT_STANDARD_LIBRARIES = YES;
				CODE_SIGN_STYLE = Automatic;
				DEVELOPMENT_TEAM = E2WTPE2PPY;
				INFOPLIST_FILE = webview_htmlUITests/Info.plist;
				LD_RUNPATH_SEARCH_PATHS = (
					"$(inherited)",
					"@executable_path/Frameworks",
					"@loader_path/Frameworks",
				);
				PRODUCT_BUNDLE_IDENTIFIER = "monet.webview-htmlUITests";
				PRODUCT_NAME = "$(TARGET_NAME)";
				SWIFT_VERSION = 5.0;
				TARGETED_DEVICE_FAMILY = "1,2";
				TEST_TARGET_NAME = webview_html;
			};
			name = Debug;
		};
		31200BD9249A4A55007632C4 /* Release */ = {
			isa = XCBuildConfiguration;
			buildSettings = {
				ALWAYS_EMBED_SWIFT_STANDARD_LIBRARIES = YES;
				CODE_SIGN_STYLE = Automatic;
				DEVELOPMENT_TEAM = E2WTPE2PPY;
				INFOPLIST_FILE = webview_htmlUITests/Info.plist;
				LD_RUNPATH_SEARCH_PATHS = (
					"$(inherited)",
					"@executable_path/Frameworks",
					"@loader_path/Frameworks",
				);
				PRODUCT_BUNDLE_IDENTIFIER = "monet.webview-htmlUITests";
				PRODUCT_NAME = "$(TARGET_NAME)";
				SWIFT_VERSION = 5.0;
				TARGETED_DEVICE_FAMILY = "1,2";
				TEST_TARGET_NAME = webview_html;
			};
			name = Release;
		};
/* End XCBuildConfiguration section */

/* Begin XCConfigurationList section */
		31200BA2249A4A54007632C4 /* Build configuration list for PBXProject "webview_html" */ = {
			isa = XCConfigurationList;
			buildConfigurations = (
				31200BCF249A4A55007632C4 /* Debug */,
				31200BD0249A4A55007632C4 /* Release */,
			);
			defaultConfigurationIsVisible = 0;
			defaultConfigurationName = Release;
		};
		31200BD1249A4A55007632C4 /* Build configuration list for PBXNativeTarget "webview_html" */ = {
			isa = XCConfigurationList;
			buildConfigurations = (
				31200BD2249A4A55007632C4 /* Debug */,
				31200BD3249A4A55007632C4 /* Release */,
			);
			defaultConfigurationIsVisible = 0;
			defaultConfigurationName = Release;
		};
		31200BD4249A4A55007632C4 /* Build configuration list for PBXNativeTarget "webview_htmlTests" */ = {
			isa = XCConfigurationList;
			buildConfigurations = (
				31200BD5249A4A55007632C4 /* Debug */,
				31200BD6249A4A55007632C4 /* Release */,
			);
			defaultConfigurationIsVisible = 0;
			defaultConfigurationName = Release;
		};
		31200BD7249A4A55007632C4 /* Build configuration list for PBXNativeTarget "webview_htmlUITests" */ = {
			isa = XCConfigurationList;
			buildConfigurations = (
				31200BD8249A4A55007632C4 /* Debug */,
				31200BD9249A4A55007632C4 /* Release */,
			);
			defaultConfigurationIsVisible = 0;
			defaultConfigurationName = Release;
		};
/* End XCConfigurationList section */
	};
	rootObject = 31200B9F249A4A54007632C4 /* Project object */;
}
